
Microsoft Visual Studio Solution File, Format Version 12.00
# Visual Studio Version 16
VisualStudioVersion = 16.0.808.1
MinimumVisualStudioVersion = 10.0.40219.1
Project("{FAE04EC0-301F-11D3-BF4B-00C04F79EFBC}") = "MapApp.Android", "MapApp.Android\MapApp.Android.csproj", "{C704BA09-5D07-4F0C-9A13-88797C380244}"
EndProject
Project("{FAE04EC0-301F-11D3-BF4B-00C04F79EFBC}") = "MapApp.iOS", "MapApp.iOS\MapApp.iOS.csproj", "{17C13652-10A8-458F-AF35-B8FEE66BF8F4}"
EndProject
Project("{FAE04EC0-301F-11D3-BF4B-00C04F79EFBC}") = "MapApp", "MapApp\MapApp.csproj", "{5EAE357B-084D-41B1-8570-447DE1F3E98B}"
EndProject
Global
	GlobalSection(SolutionConfigurationPlatforms) = preSolution
		Debug|Any CPU = Debug|Any CPU
		Release|Any CPU = Release|Any CPU
		Debug|iPhoneSimulator = Debug|iPhoneSimulator
		Release|iPhoneSimulator = Release|iPhoneSimulator
		Debug|iPhone = Debug|iPhone
		Release|iPhone = Release|iPhone
	EndGlobalSection
	GlobalSection(ProjectConfigurationPlatforms) = postSolution
		{C704BA09-5D07-4F0C-9A13-88797C380244}.Debug|Any CPU.ActiveCfg = Debug|Any CPU
		{C704BA09-5D07-4F0C-9A13-88797C380244}.Debug|Any CPU.Build.0 = Debug|Any CPU
		{C704BA09-5D07-4F0C-9A13-88797C380244}.Release|Any CPU.ActiveCfg = Release|Any CPU
		{C704BA09-5D07-4F0C-9A13-88797C380244}.Release|Any CPU.Build.0 = Release|Any CPU
		{C704BA09-5D07-4F0C-9A13-88797C380244}.Debug|iPhoneSimulator.ActiveCfg = Debug|Any CPU
		{C704BA09-5D07-4F0C-9A13-88797C380244}.Debug|iPhoneSimulator.Build.0 = Debug|Any CPU
		{C704BA09-5D07-4F0C-9A13-88797C380244}.Release|iPhoneSimulator.ActiveCfg = Release|Any CPU
		{C704BA09-5D07-4F0C-9A13-88797C380244}.Release|iPhoneSimulator.Build.0 = Release|Any CPU
		{C704BA09-5D07-4F0C-9A13-88797C380244}.Debug|iPhone.ActiveCfg = Debug|Any CPU
		{C704BA09-5D07-4F0C-9A13-88797C380244}.Debug|iPhone.Build.0 = Debug|Any CPU
		{C704BA09-5D07-4F0C-9A13-88797C380244}.Release|iPhone.ActiveCfg = Release|Any CPU
		{C704BA09-5D07-4F0C-9A13-88797C380244}.Release|iPhone.Build.0 = Release|Any CPU
		{17C13652-10A8-458F-AF35-B8FEE66BF8F4}.Debug|Any CPU.ActiveCfg = Debug|iPhoneSimulator
		{17C13652-10A8-458F-AF35-B8FEE66BF8F4}.Debug|Any CPU.Build.0 = Debug|iPhoneSimulator
		{17C13652-10A8-458F-AF35-B8FEE66BF8F4}.Release|Any CPU.ActiveCfg = Release|iPhoneSimulator
		{17C13652-10A8-458F-AF35-B8FEE66BF8F4}.Release|Any CPU.Build.0 = Release|iPhoneSimulator
		{17C13652-10A8-458F-AF35-B8FEE66BF8F4}.Debug|iPhoneSimulator.ActiveCfg = Debug|iPhoneSimulator
		{17C13652-10A8-458F-AF35-B8FEE66BF8F4}.Debug|iPhoneSimulator.Build.0 = Debug|iPhoneSimulator
		{17C13652-10A8-458F-AF35-B8FEE66BF8F4}.Release|iPhoneSimulator.ActiveCfg = Release|iPhoneSimulator
		{17C13652-10A8-458F-AF35-B8FEE66BF8F4}.Release|iPhoneSimulator.Build.0 = Release|iPhoneSimulator
		{17C13652-10A8-458F-AF35-B8FEE66BF8F4}.Debug|iPhone.ActiveCfg = Debug|iPhone
		{17C13652-10A8-458F-AF35-B8FEE66BF8F4}.Debug|iPhone.Build.0 = Debug|iPhone
		{17C13652-10A8-458F-AF35-B8FEE66BF8F4}.Release|iPhone.ActiveCfg = Release|iPhone
		{17C13652-10A8-458F-AF35-B8FEE66BF8F4}.Release|iPhone.Build.0 = Release|iPhone
		{5EAE357B-084D-41B1-8570-447DE1F3E98B}.Debug|Any CPU.ActiveCfg = Debug|Any CPU
		{5EAE357B-084D-41B1-8570-447DE1F3E98B}.Debug|Any CPU.Build.0 = Debug|Any CPU
		{5EAE357B-084D-41B1-8570-447DE1F3E98B}.Release|Any CPU.ActiveCfg = Release|Any CPU
		{5EAE357B-084D-41B1-8570-447DE1F3E98B}.Release|Any CPU.Build.0 = Release|Any CPU
		{5EAE357B-084D-41B1-8570-447DE1F3E98B}.Debug|iPhoneSimulator.ActiveCfg = Debug|Any CPU
		{5EAE357B-084D-41B1-8570-447DE1F3E98B}.Debug|iPhoneSimulator.Build.0 = Debug|Any CPU
		{5EAE357B-084D-41B1-8570-447DE1F3E98B}.Release|iPhoneSimulator.ActiveCfg = Release|Any CPU
		{5EAE357B-084D-41B1-8570-447DE1F3E98B}.Release|iPhoneSimulator.Build.0 = Release|Any CPU
		{5EAE357B-084D-41B1-8570-447DE1F3E98B}.Debug|iPhone.ActiveCfg = Debug|Any CPU
		{5EAE357B-084D-41B1-8570-447DE1F3E98B}.Debug|iPhone.Build.0 = Debug|Any CPU
		{5EAE357B-084D-41B1-8570-447DE1F3E98B}.Release|iPhone.ActiveCfg = Release|Any CPU
		{5EAE357B-084D-41B1-8570-447DE1F3E98B}.Release|iPhone.Build.0 = Release|Any CPU
	EndGlobalSection
	GlobalSection(SolutionProperties) = preSolution
		HideSolutionNode = FALSE
	EndGlobalSection
	GlobalSection(ExtensibilityGlobals) = postSolution
		SolutionGuid = {582CE32A-FB97-4256-8787-40CBED69A573}
	EndGlobalSection
EndGlobal
