
Microsoft Visual Studio Solution File, Format Version 12.00
# Visual Studio 15
Project("{FAE04EC0-301F-11D3-BF4B-00C04F79EFBC}") = "Light1.Android", "Light1.Android\Light1.Android.csproj", "{ADFD1461-6E0F-4C5A-99D8-B834B587E304}"
EndProject
Project("{FAE04EC0-301F-11D3-BF4B-00C04F79EFBC}") = "Light1", "Light1\Light1.csproj", "{144E237C-81D2-4E32-85AE-EAB7909F3AFA}"
EndProject
Global
	GlobalSection(SolutionConfigurationPlatforms) = preSolution
		Debug|Any CPU = Debug|Any CPU
		Release|Any CPU = Release|Any CPU
		Debug|iPhoneSimulator = Debug|iPhoneSimulator
		Release|iPhoneSimulator = Release|iPhoneSimulator
		Debug|iPhone = Debug|iPhone
		Release|iPhone = Release|iPhone
	EndGlobalSection
	GlobalSection(ProjectConfigurationPlatforms) = postSolution
		{ADFD1461-6E0F-4C5A-99D8-B834B587E304}.Debug|Any CPU.ActiveCfg = Debug|Any CPU
		{ADFD1461-6E0F-4C5A-99D8-B834B587E304}.Debug|Any CPU.Build.0 = Debug|Any CPU
		{ADFD1461-6E0F-4C5A-99D8-B834B587E304}.Release|Any CPU.ActiveCfg = Release|Any CPU
		{ADFD1461-6E0F-4C5A-99D8-B834B587E304}.Release|Any CPU.Build.0 = Release|Any CPU
		{ADFD1461-6E0F-4C5A-99D8-B834B587E304}.Debug|iPhoneSimulator.ActiveCfg = Debug|Any CPU
		{ADFD1461-6E0F-4C5A-99D8-B834B587E304}.Debug|iPhoneSimulator.Build.0 = Debug|Any CPU
		{ADFD1461-6E0F-4C5A-99D8-B834B587E304}.Release|iPhoneSimulator.ActiveCfg = Release|Any CPU
		{ADFD1461-6E0F-4C5A-99D8-B834B587E304}.Release|iPhoneSimulator.Build.0 = Release|Any CPU
		{ADFD1461-6E0F-4C5A-99D8-B834B587E304}.Debug|iPhone.ActiveCfg = Debug|Any CPU
		{ADFD1461-6E0F-4C5A-99D8-B834B587E304}.Debug|iPhone.Build.0 = Debug|Any CPU
		{ADFD1461-6E0F-4C5A-99D8-B834B587E304}.Release|iPhone.ActiveCfg = Release|Any CPU
		{ADFD1461-6E0F-4C5A-99D8-B834B587E304}.Release|iPhone.Build.0 = Release|Any CPU
		{144E237C-81D2-4E32-85AE-EAB7909F3AFA}.Debug|Any CPU.ActiveCfg = Debug|Any CPU
		{144E237C-81D2-4E32-85AE-EAB7909F3AFA}.Debug|Any CPU.Build.0 = Debug|Any CPU
		{144E237C-81D2-4E32-85AE-EAB7909F3AFA}.Release|Any CPU.ActiveCfg = Release|Any CPU
		{144E237C-81D2-4E32-85AE-EAB7909F3AFA}.Release|Any CPU.Build.0 = Release|Any CPU
		{144E237C-81D2-4E32-85AE-EAB7909F3AFA}.Debug|iPhoneSimulator.ActiveCfg = Debug|Any CPU
		{144E237C-81D2-4E32-85AE-EAB7909F3AFA}.Debug|iPhoneSimulator.Build.0 = Debug|Any CPU
		{144E237C-81D2-4E32-85AE-EAB7909F3AFA}.Release|iPhoneSimulator.ActiveCfg = Release|Any CPU
		{144E237C-81D2-4E32-85AE-EAB7909F3AFA}.Release|iPhoneSimulator.Build.0 = Release|Any CPU
		{144E237C-81D2-4E32-85AE-EAB7909F3AFA}.Debug|iPhone.ActiveCfg = Debug|Any CPU
		{144E237C-81D2-4E32-85AE-EAB7909F3AFA}.Debug|iPhone.Build.0 = Debug|Any CPU
		{144E237C-81D2-4E32-85AE-EAB7909F3AFA}.Release|iPhone.ActiveCfg = Release|Any CPU
		{144E237C-81D2-4E32-85AE-EAB7909F3AFA}.Release|iPhone.Build.0 = Release|Any CPU
	EndGlobalSection
EndGlobal
