
Microsoft Visual Studio Solution File, Format Version 12.00
# Visual Studio Version 16
VisualStudioVersion = 16.0.808.1
MinimumVisualStudioVersion = 10.0.40219.1
Project("{FAE04EC0-301F-11D3-BF4B-00C04F79EFBC}") = "OpenWeb3.Android", "OpenWeb3.Android\OpenWeb3.Android.csproj", "{600095DD-D0CC-472B-BAF2-D315CC8FBCA6}"
EndProject
Project("{FAE04EC0-301F-11D3-BF4B-00C04F79EFBC}") = "OpenWeb3.iOS", "OpenWeb3.iOS\OpenWeb3.iOS.csproj", "{E6EEC5C1-5100-4896-83C7-7125C56DF063}"
EndProject
Project("{FAE04EC0-301F-11D3-BF4B-00C04F79EFBC}") = "OpenWeb3", "OpenWeb3\OpenWeb3.csproj", "{7702FCCD-D342-4649-A52D-24F50A3627B9}"
EndProject
Global
	GlobalSection(SolutionConfigurationPlatforms) = preSolution
		Debug|Any CPU = Debug|Any CPU
		Release|Any CPU = Release|Any CPU
		Debug|iPhoneSimulator = Debug|iPhoneSimulator
		Release|iPhoneSimulator = Release|iPhoneSimulator
		Debug|iPhone = Debug|iPhone
		Release|iPhone = Release|iPhone
	EndGlobalSection
	GlobalSection(ProjectConfigurationPlatforms) = postSolution
		{600095DD-D0CC-472B-BAF2-D315CC8FBCA6}.Debug|Any CPU.ActiveCfg = Debug|Any CPU
		{600095DD-D0CC-472B-BAF2-D315CC8FBCA6}.Debug|Any CPU.Build.0 = Debug|Any CPU
		{600095DD-D0CC-472B-BAF2-D315CC8FBCA6}.Release|Any CPU.ActiveCfg = Release|Any CPU
		{600095DD-D0CC-472B-BAF2-D315CC8FBCA6}.Release|Any CPU.Build.0 = Release|Any CPU
		{600095DD-D0CC-472B-BAF2-D315CC8FBCA6}.Debug|iPhoneSimulator.ActiveCfg = Debug|Any CPU
		{600095DD-D0CC-472B-BAF2-D315CC8FBCA6}.Debug|iPhoneSimulator.Build.0 = Debug|Any CPU
		{600095DD-D0CC-472B-BAF2-D315CC8FBCA6}.Release|iPhoneSimulator.ActiveCfg = Release|Any CPU
		{600095DD-D0CC-472B-BAF2-D315CC8FBCA6}.Release|iPhoneSimulator.Build.0 = Release|Any CPU
		{600095DD-D0CC-472B-BAF2-D315CC8FBCA6}.Debug|iPhone.ActiveCfg = Debug|Any CPU
		{600095DD-D0CC-472B-BAF2-D315CC8FBCA6}.Debug|iPhone.Build.0 = Debug|Any CPU
		{600095DD-D0CC-472B-BAF2-D315CC8FBCA6}.Release|iPhone.ActiveCfg = Release|Any CPU
		{600095DD-D0CC-472B-BAF2-D315CC8FBCA6}.Release|iPhone.Build.0 = Release|Any CPU
		{E6EEC5C1-5100-4896-83C7-7125C56DF063}.Debug|Any CPU.ActiveCfg = Debug|iPhoneSimulator
		{E6EEC5C1-5100-4896-83C7-7125C56DF063}.Debug|Any CPU.Build.0 = Debug|iPhoneSimulator
		{E6EEC5C1-5100-4896-83C7-7125C56DF063}.Release|Any CPU.ActiveCfg = Release|iPhoneSimulator
		{E6EEC5C1-5100-4896-83C7-7125C56DF063}.Release|Any CPU.Build.0 = Release|iPhoneSimulator
		{E6EEC5C1-5100-4896-83C7-7125C56DF063}.Debug|iPhoneSimulator.ActiveCfg = Debug|iPhoneSimulator
		{E6EEC5C1-5100-4896-83C7-7125C56DF063}.Debug|iPhoneSimulator.Build.0 = Debug|iPhoneSimulator
		{E6EEC5C1-5100-4896-83C7-7125C56DF063}.Release|iPhoneSimulator.ActiveCfg = Release|iPhoneSimulator
		{E6EEC5C1-5100-4896-83C7-7125C56DF063}.Release|iPhoneSimulator.Build.0 = Release|iPhoneSimulator
		{E6EEC5C1-5100-4896-83C7-7125C56DF063}.Debug|iPhone.ActiveCfg = Debug|iPhone
		{E6EEC5C1-5100-4896-83C7-7125C56DF063}.Debug|iPhone.Build.0 = Debug|iPhone
		{E6EEC5C1-5100-4896-83C7-7125C56DF063}.Release|iPhone.ActiveCfg = Release|iPhone
		{E6EEC5C1-5100-4896-83C7-7125C56DF063}.Release|iPhone.Build.0 = Release|iPhone
		{7702FCCD-D342-4649-A52D-24F50A3627B9}.Debug|Any CPU.ActiveCfg = Debug|Any CPU
		{7702FCCD-D342-4649-A52D-24F50A3627B9}.Debug|Any CPU.Build.0 = Debug|Any CPU
		{7702FCCD-D342-4649-A52D-24F50A3627B9}.Release|Any CPU.ActiveCfg = Release|Any CPU
		{7702FCCD-D342-4649-A52D-24F50A3627B9}.Release|Any CPU.Build.0 = Release|Any CPU
		{7702FCCD-D342-4649-A52D-24F50A3627B9}.Debug|iPhoneSimulator.ActiveCfg = Debug|Any CPU
		{7702FCCD-D342-4649-A52D-24F50A3627B9}.Debug|iPhoneSimulator.Build.0 = Debug|Any CPU
		{7702FCCD-D342-4649-A52D-24F50A3627B9}.Release|iPhoneSimulator.ActiveCfg = Release|Any CPU
		{7702FCCD-D342-4649-A52D-24F50A3627B9}.Release|iPhoneSimulator.Build.0 = Release|Any CPU
		{7702FCCD-D342-4649-A52D-24F50A3627B9}.Debug|iPhone.ActiveCfg = Debug|Any CPU
		{7702FCCD-D342-4649-A52D-24F50A3627B9}.Debug|iPhone.Build.0 = Debug|Any CPU
		{7702FCCD-D342-4649-A52D-24F50A3627B9}.Release|iPhone.ActiveCfg = Release|Any CPU
		{7702FCCD-D342-4649-A52D-24F50A3627B9}.Release|iPhone.Build.0 = Release|Any CPU
	EndGlobalSection
	GlobalSection(SolutionProperties) = preSolution
		HideSolutionNode = FALSE
	EndGlobalSection
	GlobalSection(ExtensibilityGlobals) = postSolution
		SolutionGuid = {7DB6600C-21F0-4B1C-8BF4-F0758B6B2529}
	EndGlobalSection
EndGlobal
